
Microsoft Visual Studio Solution File, Format Version 12.00
# Visual Studio Version 16
VisualStudioVersion = 16.0.30011.22
MinimumVisualStudioVersion = 10.0.40219.1
Project("{9A19103F-16F7-4668-BE54-9A1E7A4F7556}") = "ParallelLetterFrequency", "ParallelLetterFrequency.csproj", "{CBE657CD-F828-4A95-93A1-B80E6F7B7234}"
EndProject
Global
	GlobalSection(SolutionConfigurationPlatforms) = preSolution
		Debug|Any CPU = Debug|Any CPU
		Release|Any CPU = Release|Any CPU
	EndGlobalSection
	GlobalSection(ProjectConfigurationPlatforms) = postSolution
		{CBE657CD-F828-4A95-93A1-B80E6F7B7234}.Debug|Any CPU.ActiveCfg = Debug|Any CPU
		{CBE657CD-F828-4A95-93A1-B80E6F7B7234}.Debug|Any CPU.Build.0 = Debug|Any CPU
		{CBE657CD-F828-4A95-93A1-B80E6F7B7234}.Release|Any CPU.ActiveCfg = Release|Any CPU
		{CBE657CD-F828-4A95-93A1-B80E6F7B7234}.Release|Any CPU.Build.0 = Release|Any CPU
	EndGlobalSection
	GlobalSection(SolutionProperties) = preSolution
		HideSolutionNode = FALSE
	EndGlobalSection
	GlobalSection(ExtensibilityGlobals) = postSolution
		SolutionGuid = {FA9F52AB-C1DA-4388-A7AE-62DA2E141D33}
	EndGlobalSection
EndGlobal
